# THIS IS AN AUTOGENERATED FILE. DO NOT EDIT THIS FILE DIRECTLY.
# yarn lockfile v1


"@algolia/autocomplete-core@1.6.3":
  version "1.6.3"
  resolved "https://registry.yarnpkg.com/@algolia/autocomplete-core/-/autocomplete-core-1.6.3.tgz#76832fffb6405ac2c87bac5a040b8a31a1cdef80"
  integrity sha512-dqQqRt01fX3YuVFrkceHsoCnzX0bLhrrg8itJI1NM68KjrPYQPYsE+kY8EZTCM4y8VDnhqJErR73xe/ZsV+qAA==
  dependencies:
    "@algolia/autocomplete-shared" "1.6.3"

"@algolia/autocomplete-shared@1.6.3":
  version "1.6.3"
  resolved "https://registry.yarnpkg.com/@algolia/autocomplete-shared/-/autocomplete-shared-1.6.3.tgz#52085ce89a755977841ed0a463aa31ce8f1dea97"
  integrity sha512-UV46bnkTztyADFaETfzFC5ryIdGVb2zpAoYgu0tfcuYWjhg1KbLXveFffZIrGVoboqmAk1b+jMrl6iCja1i3lg==

"@algolia/cache-browser-local-storage@4.9.0":
  version "4.9.0"
  resolved "https://registry.yarnpkg.com/@algolia/cache-browser-local-storage/-/cache-browser-local-storage-4.9.0.tgz#9adf95a143b71219b24fa2874de771b58109c9c2"
  integrity sha512-H659baxPygLp1ed5Y+kko9nLhhTRtZ6v2k2cs2/WTErAd6XU+OrvTvsEedUprDYUve/t9NLg95Ka9TK8QEQk1w==
  dependencies:
    "@algolia/cache-common" "4.9.0"

"@algolia/cache-common@4.9.0":
  version "4.9.0"
  resolved "https://registry.yarnpkg.com/@algolia/cache-common/-/cache-common-4.9.0.tgz#ec63d71ec201d0d9eb9946bc58f10e430e982b7b"
  integrity sha512-hBqkLEw1Y7oxEJEVmcdm/s/+KKlvCmSenlX5rrQts5qCNdhdS1QkCvHx8vgFF9J6uliP2TPs+umrrXc+aKsLPw==

"@algolia/cache-in-memory@4.9.0":
  version "4.9.0"
  resolved "https://registry.yarnpkg.com/@algolia/cache-in-memory/-/cache-in-memory-4.9.0.tgz#14287235b7eff46c0c3dae2f05e7816805948804"
  integrity sha512-8q9z8tkIrgPenZl+aTc6MOQleLnanVy+Nsz7Uzga5r9Kb7xpqYKNI9rSJYyBzl7KRxock5v6AOUiFgi45eDnDg==
  dependencies:
    "@algolia/cache-common" "4.9.0"

"@algolia/client-account@4.9.0":
  version "4.9.0"
  resolved "https://registry.yarnpkg.com/@algolia/client-account/-/client-account-4.9.0.tgz#bf8c23d8c7ff9bfa08b480fa27f96cfb489f3263"
  integrity sha512-u9cljyqUnlgHIKazeOA2R820pDZFReRVm3AObiGrxhdKVQ44ZOgAlN+NIqA+c19iFdpulzpkPKxU+Uavcky7JQ==
  dependencies:
    "@algolia/client-common" "4.9.0"
    "@algolia/client-search" "4.9.0"
    "@algolia/transporter" "4.9.0"

"@algolia/client-analytics@4.9.0":
  version "4.9.0"
  resolved "https://registry.yarnpkg.com/@algolia/client-analytics/-/client-analytics-4.9.0.tgz#4d559ffc9c644684fa152500178eafa1df21ba3d"
  integrity sha512-5TafTR/uP9X4EpDOvBK1w4cgc3JpKeokPJqD37q46AH1IGI8UO5Gy1H5LxcGmPTIMdMnuSfiYgRJsyoEO1Co0A==
  dependencies:
    "@algolia/client-common" "4.9.0"
    "@algolia/client-search" "4.9.0"
    "@algolia/requester-common" "4.9.0"
    "@algolia/transporter" "4.9.0"

"@algolia/client-common@4.9.0":
  version "4.9.0"
  resolved "https://registry.yarnpkg.com/@algolia/client-common/-/client-common-4.9.0.tgz#51f9cf66b99e4042647d344bb4dd1cd970de0f81"
  integrity sha512-Rjk4XMXi6B63jdKQwnGbKwIubB5QIgok+k67QwrgadbqVphHueJ3af3D6i3sRcKBBTmdprFAXn0zX/zaxYBhAQ==
  dependencies:
    "@algolia/requester-common" "4.9.0"
    "@algolia/transporter" "4.9.0"

"@algolia/client-recommendation@4.9.0":
  version "4.9.0"
  resolved "https://registry.yarnpkg.com/@algolia/client-recommendation/-/client-recommendation-4.9.0.tgz#24992ff450d82fa982f8a3c9af7b043532cfa64b"
  integrity sha512-6y6uyQmmowuBqMkk4iLeBOkd1qtBpfGJ5/di0S041eHQlD0v9WxyhbZyOopn0XxopSLbQaO22u0rjEcla7KYlA==
  dependencies:
    "@algolia/client-common" "4.9.0"
    "@algolia/requester-common" "4.9.0"
    "@algolia/transporter" "4.9.0"

"@algolia/client-search@4.9.0":
  version "4.9.0"
  resolved "https://registry.yarnpkg.com/@algolia/client-search/-/client-search-4.9.0.tgz#806379940d08cb95f562d93e31c2f0478fc040a4"
  integrity sha512-HFfeUJN6GPHsjfcchmksoqlBLF5gT+jRHmSait4fWtde85eGFyJVL7ubUZD9KjlEjzebmUPPIZ1ixcupaTUBnw==
  dependencies:
    "@algolia/client-common" "4.9.0"
    "@algolia/requester-common" "4.9.0"
    "@algolia/transporter" "4.9.0"

"@algolia/logger-common@4.9.0":
  version "4.9.0"
  resolved "https://registry.yarnpkg.com/@algolia/logger-common/-/logger-common-4.9.0.tgz#488f23c0758ab0cd79f0fcbbd3691fb216a0b0dc"
  integrity sha512-OU8lzR1I8R0Qsgk+u4GOSFpEEKZkzPYZP1OXsw92gejW08k5N6kVLzfvVvgNA1KAeZPFXADdH26VBQ/2M9wF3g==

"@algolia/logger-console@4.9.0":
  version "4.9.0"
  resolved "https://registry.yarnpkg.com/@algolia/logger-console/-/logger-console-4.9.0.tgz#fe6bdd316f163908617874fae9f61e3249ae23a2"
  integrity sha512-CrBU+E2iA4xXnb1rwX3G1ox9O+N+OjxnWccL75sWr1nQ/kh08TPpV7TYAvQEOFEDj8vV1kPeYEMENulbjmVZSA==
  dependencies:
    "@algolia/logger-common" "4.9.0"

"@algolia/requester-browser-xhr@4.9.0":
  version "4.9.0"
  resolved "https://registry.yarnpkg.com/@algolia/requester-browser-xhr/-/requester-browser-xhr-4.9.0.tgz#ae4f39171f74ea3532f66cd39be777eaafe8147d"
  integrity sha512-KJESXTv4z+mDCn1C9b/azUqPTgIFVL/Y4+Eopz6YBg9Lj0C6KQrsW68w0uLJcGSw9o/qBoKcpUo4QNm4/CwrdQ==
  dependencies:
    "@algolia/requester-common" "4.9.0"

"@algolia/requester-common@4.9.0":
  version "4.9.0"
  resolved "https://registry.yarnpkg.com/@algolia/requester-common/-/requester-common-4.9.0.tgz#e65d6fb08d239d86a0076ad32638fe2d8abedaf6"
  integrity sha512-8/ljy4/pnB8d4/yTaJQa2t3oKdbsVq9nDXkwhCACVum8tGYSSGpCtpBGln6M4g+QdfBSQxYILTB1wwHLFUstmg==

"@algolia/requester-node-http@4.9.0":
  version "4.9.0"
  resolved "https://registry.yarnpkg.com/@algolia/requester-node-http/-/requester-node-http-4.9.0.tgz#4cb7cf5b1f4228a3128ccb2700b790a6f81ec7e6"
  integrity sha512-JpkjPXDCgT+Z8G8d/6hxId7+560HeCHoiDcEFr9eWR/kClAOgVwgVH1I64pmH8ucsjL7kdWbkxez7zBzPiV+Tg==
  dependencies:
    "@algolia/requester-common" "4.9.0"

"@algolia/transporter@4.9.0":
  version "4.9.0"
  resolved "https://registry.yarnpkg.com/@algolia/transporter/-/transporter-4.9.0.tgz#8d4cadcee1b848e3b7c3efbfb76f46c3a374afbb"
  integrity sha512-GySLvXwg0DQ2LM0/W+hr9y1Co3QY1iNnhWA82gFhBrz7RWGzw47qEsh//9u/wnjl6S1WOjH+eKm5PaQATG1BXg==
  dependencies:
    "@algolia/cache-common" "4.9.0"
    "@algolia/logger-common" "4.9.0"
    "@algolia/requester-common" "4.9.0"

"@babel/parser@^7.16.4":
  version "7.16.6"
  resolved "https://registry.yarnpkg.com/@babel/parser/-/parser-7.16.6.tgz#8f194828193e8fa79166f34a4b4e52f3e769a314"
  integrity sha512-Gr86ujcNuPDnNOY8mi383Hvi8IYrJVJYuf3XcuBM/Dgd+bINn/7tHqsj+tKkoreMbmGsFLsltI/JJd8fOFWGDQ==

"@docsearch/css@3.1.0", "@docsearch/css@^3.0.0":
  version "3.1.0"
  resolved "https://registry.yarnpkg.com/@docsearch/css/-/css-3.1.0.tgz#6781cad43fc2e034d012ee44beddf8f93ba21f19"
  integrity sha512-bh5IskwkkodbvC0FzSg1AxMykfDl95hebEKwxNoq4e5QaGzOXSBgW8+jnMFZ7JU4sTBiB04vZWoUSzNrPboLZA==

"@docsearch/js@^3.0.0":
  version "3.1.0"
  resolved "https://registry.yarnpkg.com/@docsearch/js/-/js-3.1.0.tgz#f01f203885898b27fd292a215dd5b76bafa9aeb1"
  integrity sha512-5XSK+xbP0hcTIp54MECqxkWLs6kf7Ug4nWdxWNtx8cUpLiFNFnKXDxCb35wnyNpjukmrx7Q9DkO5tFFsmNVxng==
  dependencies:
    "@docsearch/react" "3.1.0"
    preact "^10.0.0"

"@docsearch/react@3.1.0":
  version "3.1.0"
  resolved "https://registry.yarnpkg.com/@docsearch/react/-/react-3.1.0.tgz#da943a64c01ee82b04e53b691806469272f943f7"
  integrity sha512-bjB6ExnZzf++5B7Tfoi6UXgNwoUnNOfZ1NyvnvPhWgCMy5V/biAtLL4o7owmZSYdAKeFSvZ5Lxm0is4su/dBWg==
  dependencies:
    "@algolia/autocomplete-core" "1.6.3"
    "@docsearch/css" "3.1.0"
    algoliasearch "^4.0.0"

"@types/node@^16.11.42":
  version "16.11.42"
  resolved "https://registry.yarnpkg.com/@types/node/-/node-16.11.42.tgz#d2a75c58e9b0902b82dc54bd4c13f8ef12bd1020"
  integrity sha512-iwLrPOopPy6V3E+1yHTpJea3bdsNso0b0utLOJJwaa/PLzqBt3GZl3stMcakc/gr89SfcNk2ki3z7Gvue9hYGQ==

"@vitejs/plugin-vue@^2.3.2":
  version "2.3.3"
  resolved "https://registry.yarnpkg.com/@vitejs/plugin-vue/-/plugin-vue-2.3.3.tgz#fbf80cc039b82ac21a1acb0f0478de8f61fbf600"
  integrity sha512-SmQLDyhz+6lGJhPELsBdzXGc+AcaT8stgkbiTFGpXPe8Tl1tJaBw1A6pxDqDuRsVkD8uscrkx3hA7QDOoKYtyw==

"@vue/compiler-core@3.2.37":
  version "3.2.37"
  resolved "https://registry.yarnpkg.com/@vue/compiler-core/-/compiler-core-3.2.37.tgz#b3c42e04c0e0f2c496ff1784e543fbefe91e215a"
  integrity sha512-81KhEjo7YAOh0vQJoSmAD68wLfYqJvoiD4ulyedzF+OEk/bk6/hx3fTNVfuzugIIaTrOx4PGx6pAiBRe5e9Zmg==
  dependencies:
    "@babel/parser" "^7.16.4"
    "@vue/shared" "3.2.37"
    estree-walker "^2.0.2"
    source-map "^0.6.1"

"@vue/compiler-dom@3.2.37":
  version "3.2.37"
  resolved "https://registry.yarnpkg.com/@vue/compiler-dom/-/compiler-dom-3.2.37.tgz#10d2427a789e7c707c872da9d678c82a0c6582b5"
  integrity sha512-yxJLH167fucHKxaqXpYk7x8z7mMEnXOw3G2q62FTkmsvNxu4FQSu5+3UMb+L7fjKa26DEzhrmCxAgFLLIzVfqQ==
  dependencies:
    "@vue/compiler-core" "3.2.37"
    "@vue/shared" "3.2.37"

"@vue/compiler-sfc@3.2.37":
  version "3.2.37"
  resolved "https://registry.yarnpkg.com/@vue/compiler-sfc/-/compiler-sfc-3.2.37.tgz#3103af3da2f40286edcd85ea495dcb35bc7f5ff4"
  integrity sha512-+7i/2+9LYlpqDv+KTtWhOZH+pa8/HnX/905MdVmAcI/mPQOBwkHHIzrsEsucyOIZQYMkXUiTkmZq5am/NyXKkg==
  dependencies:
    "@babel/parser" "^7.16.4"
    "@vue/compiler-core" "3.2.37"
    "@vue/compiler-dom" "3.2.37"
    "@vue/compiler-ssr" "3.2.37"
    "@vue/reactivity-transform" "3.2.37"
    "@vue/shared" "3.2.37"
    estree-walker "^2.0.2"
    magic-string "^0.25.7"
    postcss "^8.1.10"
    source-map "^0.6.1"

"@vue/compiler-ssr@3.2.37":
  version "3.2.37"
  resolved "https://registry.yarnpkg.com/@vue/compiler-ssr/-/compiler-ssr-3.2.37.tgz#4899d19f3a5fafd61524a9d1aee8eb0505313cff"
  integrity sha512-7mQJD7HdXxQjktmsWp/J67lThEIcxLemz1Vb5I6rYJHR5vI+lON3nPGOH3ubmbvYGt8xEUaAr1j7/tIFWiEOqw==
  dependencies:
    "@vue/compiler-dom" "3.2.37"
    "@vue/shared" "3.2.37"

"@vue/devtools-api@^6.1.4":
  version "6.2.0"
  resolved "https://registry.yarnpkg.com/@vue/devtools-api/-/devtools-api-6.2.0.tgz#e3dc98a0cce8e87292745e2d24c9ee8c274a023b"
  integrity sha512-pF1G4wky+hkifDiZSWn8xfuLOJI1ZXtuambpBEYaf7Xaf6zC/pM29rvAGpd3qaGXnr4BAXU1Pxz/VfvBGwexGA==

"@vue/reactivity-transform@3.2.37":
  version "3.2.37"
  resolved "https://registry.yarnpkg.com/@vue/reactivity-transform/-/reactivity-transform-3.2.37.tgz#0caa47c4344df4ae59f5a05dde2a8758829f8eca"
  integrity sha512-IWopkKEb+8qpu/1eMKVeXrK0NLw9HicGviJzhJDEyfxTR9e1WtpnnbYkJWurX6WwoFP0sz10xQg8yL8lgskAZg==
  dependencies:
    "@babel/parser" "^7.16.4"
    "@vue/compiler-core" "3.2.37"
    "@vue/shared" "3.2.37"
    estree-walker "^2.0.2"
    magic-string "^0.25.7"

"@vue/reactivity@3.2.37":
  version "3.2.37"
  resolved "https://registry.yarnpkg.com/@vue/reactivity/-/reactivity-3.2.37.tgz#5bc3847ac58828e2b78526e08219e0a1089f8848"
  integrity sha512-/7WRafBOshOc6m3F7plwzPeCu/RCVv9uMpOwa/5PiY1Zz+WLVRWiy0MYKwmg19KBdGtFWsmZ4cD+LOdVPcs52A==
  dependencies:
    "@vue/shared" "3.2.37"

"@vue/runtime-core@3.2.37":
  version "3.2.37"
  resolved "https://registry.yarnpkg.com/@vue/runtime-core/-/runtime-core-3.2.37.tgz#7ba7c54bb56e5d70edfc2f05766e1ca8519966e3"
  integrity sha512-JPcd9kFyEdXLl/i0ClS7lwgcs0QpUAWj+SKX2ZC3ANKi1U4DOtiEr6cRqFXsPwY5u1L9fAjkinIdB8Rz3FoYNQ==
  dependencies:
    "@vue/reactivity" "3.2.37"
    "@vue/shared" "3.2.37"

"@vue/runtime-dom@3.2.37":
  version "3.2.37"
  resolved "https://registry.yarnpkg.com/@vue/runtime-dom/-/runtime-dom-3.2.37.tgz#002bdc8228fa63949317756fb1e92cdd3f9f4bbd"
  integrity sha512-HimKdh9BepShW6YozwRKAYjYQWg9mQn63RGEiSswMbW+ssIht1MILYlVGkAGGQbkhSh31PCdoUcfiu4apXJoPw==
  dependencies:
    "@vue/runtime-core" "3.2.37"
    "@vue/shared" "3.2.37"
    csstype "^2.6.8"

"@vue/server-renderer@3.2.37":
  version "3.2.37"
  resolved "https://registry.yarnpkg.com/@vue/server-renderer/-/server-renderer-3.2.37.tgz#840a29c8dcc29bddd9b5f5ffa22b95c0e72afdfc"
  integrity sha512-kLITEJvaYgZQ2h47hIzPh2K3jG8c1zCVbp/o/bzQOyvzaKiCquKS7AaioPI28GNxIsE/zSx+EwWYsNxDCX95MA==
  dependencies:
    "@vue/compiler-ssr" "3.2.37"
    "@vue/shared" "3.2.37"

"@vue/shared@3.2.37":
  version "3.2.37"
  resolved "https://registry.yarnpkg.com/@vue/shared/-/shared-3.2.37.tgz#8e6adc3f2759af52f0e85863dfb0b711ecc5c702"
  integrity sha512-4rSJemR2NQIo9Klm1vabqWjD8rs/ZaJSzMxkMNeJS6lHiUjjUeYFbooN19NgFjztubEKh3WlZUeOLVdbbUWHsw==

"@vueuse/core@^8.5.0":
  version "8.6.0"
  resolved "https://registry.yarnpkg.com/@vueuse/core/-/core-8.6.0.tgz#a8f80363cc63d17382423f16beae57696f376e67"
  integrity sha512-VirzExCm/N+QdrEWT7J4uSrvJ5hquKIAU9alQ37kUvIJk9XxCLxmfRnmekYc1kz2+6BnoyuKYXVmrMV351CB4w==
  dependencies:
    "@vueuse/metadata" "8.6.0"
    "@vueuse/shared" "8.6.0"
    vue-demi "*"

"@vueuse/metadata@8.6.0":
  version "8.6.0"
  resolved "https://registry.yarnpkg.com/@vueuse/metadata/-/metadata-8.6.0.tgz#34771443a72ee891ae001a70aa05dd9a1d799372"
  integrity sha512-F+CKPvaExsm7QgRr8y+ZNJFwXasn89rs5wth/HeX9lJ1q8XEt+HJ16Q5Sxh4rfG5YSKXrStveVge8TKvPjMjFA==

"@vueuse/shared@8.6.0":
  version "8.6.0"
  resolved "https://registry.yarnpkg.com/@vueuse/shared/-/shared-8.6.0.tgz#63dad9fc4b73a7fccbe5d6b97adeacf73d4fec41"
  integrity sha512-Y/IVywZo7IfEoSSEtCYpkVEmPV7pU35mEIxV7PbD/D3ly18B3mEsBaPbtDkNM/QP3zAZ5mn4nEkOfddX4uwuIA==
  dependencies:
    vue-demi "*"

algoliasearch@^4.0.0:
  version "4.9.0"
  resolved "https://registry.yarnpkg.com/algoliasearch/-/algoliasearch-4.9.0.tgz#76a78632014902845af5f1d7c02a7115e5b53b50"
  integrity sha512-hhlza8j/uCWGe2kSz89HlcexiLxO1wzOKLNPWivNtZeZO5J85agbcMsrKV5+xLFI4LbulP/b/4/IvswxzPrGIw==
  dependencies:
    "@algolia/cache-browser-local-storage" "4.9.0"
    "@algolia/cache-common" "4.9.0"
    "@algolia/cache-in-memory" "4.9.0"
    "@algolia/client-account" "4.9.0"
    "@algolia/client-analytics" "4.9.0"
    "@algolia/client-common" "4.9.0"
    "@algolia/client-recommendation" "4.9.0"
    "@algolia/client-search" "4.9.0"
    "@algolia/logger-common" "4.9.0"
    "@algolia/logger-console" "4.9.0"
    "@algolia/requester-browser-xhr" "4.9.0"
    "@algolia/requester-common" "4.9.0"
    "@algolia/requester-node-http" "4.9.0"
    "@algolia/transporter" "4.9.0"

body-scroll-lock@^4.0.0-beta.0:
  version "4.0.0-beta.0"
  resolved "https://registry.yarnpkg.com/body-scroll-lock/-/body-scroll-lock-4.0.0-beta.0.tgz#4f78789d10e6388115c0460cd6d7d4dd2bbc4f7e"
  integrity sha512-a7tP5+0Mw3YlUJcGAKUqIBkYYGlYxk2fnCasq/FUph1hadxlTRjF+gAcZksxANnaMnALjxEddmSi/H3OR8ugcQ==

colorette@^1.2.2:
  version "1.2.2"
  resolved "https://registry.yarnpkg.com/colorette/-/colorette-1.2.2.tgz#cbcc79d5e99caea2dbf10eb3a26fd8b3e6acfa94"
  integrity sha512-MKGMzyfeuutC/ZJ1cba9NqcNpfeqMUcYmyF1ZFY6/Cn7CNSAKx6a+s48sqLqyAiZuaP2TcqMhoo+dlwFnVxT9w==

csstype@^2.6.8:
  version "2.6.17"
  resolved "https://registry.yarnpkg.com/csstype/-/csstype-2.6.17.tgz#4cf30eb87e1d1a005d8b6510f95292413f6a1c0e"
  integrity sha512-u1wmTI1jJGzCJzWndZo8mk4wnPTZd1eOIYTYvuEyOQGfmDl3TrabCCfKnOC86FZwW/9djqTl933UF/cS425i9A==

esbuild-android-64@0.14.43:
  version "0.14.43"
  resolved "https://registry.yarnpkg.com/esbuild-android-64/-/esbuild-android-64-0.14.43.tgz#59bf3edad6863c27aa92bbb5c1d83a9a5c981495"
  integrity sha512-kqFXAS72K6cNrB6RiM7YJ5lNvmWRDSlpi7ZuRZ1hu1S3w0zlwcoCxWAyM23LQUyZSs1PbjHgdbbfYAN8IGh6xg==

esbuild-android-arm64@0.14.43:
  version "0.14.43"
  resolved "https://registry.yarnpkg.com/esbuild-android-arm64/-/esbuild-android-arm64-0.14.43.tgz#0258704edf92ce2463af6d2900b844b5423bed63"
  integrity sha512-bKS2BBFh+7XZY9rpjiHGRNA7LvWYbZWP87pLehggTG7tTaCDvj8qQGOU/OZSjCSKDYbgY7Q+oDw8RlYQ2Jt2BA==

esbuild-darwin-64@0.14.43:
  version "0.14.43"
  resolved "https://registry.yarnpkg.com/esbuild-darwin-64/-/esbuild-darwin-64-0.14.43.tgz#72a47295678d4aa0656979baa8cf6d5c8c92656f"
  integrity sha512-/3PSilx011ttoieRGkSZ0XV8zjBf2C9enV4ScMMbCT4dpx0mFhMOpFnCHkOK0pWGB8LklykFyHrWk2z6DENVUg==

esbuild-darwin-arm64@0.14.43:
  version "0.14.43"
  resolved "https://registry.yarnpkg.com/esbuild-darwin-arm64/-/esbuild-darwin-arm64-0.14.43.tgz#5f5823170b8d85b888957f0794e186caac447aca"
  integrity sha512-1HyFUKs8DMCBOvw1Qxpr5Vv/ThNcVIFb5xgXWK3pyT40WPvgYIiRTwJCvNs4l8i5qWF8/CK5bQxJVDjQvtv0Yw==

esbuild-freebsd-64@0.14.43:
  version "0.14.43"
  resolved "https://registry.yarnpkg.com/esbuild-freebsd-64/-/esbuild-freebsd-64-0.14.43.tgz#e4a48b08181053837e6cd9bda19ae0af94d493b0"
  integrity sha512-FNWc05TPHYgaXjbPZO5/rJKSBslfG6BeMSs8GhwnqAKP56eEhvmzwnIz1QcC9cRVyO+IKqWNfmHFkCa1WJTULA==

esbuild-freebsd-arm64@0.14.43:
  version "0.14.43"
  resolved "https://registry.yarnpkg.com/esbuild-freebsd-arm64/-/esbuild-freebsd-arm64-0.14.43.tgz#386e780d36c1dedf3a1cdab79e0bbacd873274e6"
  integrity sha512-amrYopclz3VohqisOPR6hA3GOWA3LZC1WDLnp21RhNmoERmJ/vLnOpnrG2P/Zao+/erKTCUqmrCIPVtj58DRoA==

esbuild-linux-32@0.14.43:
  version "0.14.43"
  resolved "https://registry.yarnpkg.com/esbuild-linux-32/-/esbuild-linux-32-0.14.43.tgz#040ed6b9ebf06d73acdf2acce7f1cd0c12fbc6a5"
  integrity sha512-KoxoEra+9O3AKVvgDFvDkiuddCds6q71owSQEYwjtqRV7RwbPzKxJa6+uyzUulHcyGVq0g15K0oKG5CFBcvYDw==

esbuild-linux-64@0.14.43:
  version "0.14.43"
  resolved "https://registry.yarnpkg.com/esbuild-linux-64/-/esbuild-linux-64-0.14.43.tgz#8abbb7594ab6a008f2aae72d95d8a4fdc59d9000"
  integrity sha512-EwINwGMyiJMgBby5/SbMqKcUhS5AYAZ2CpEBzSowsJPNBJEdhkCTtEjk757TN/wxgbu3QklqDM6KghY660QCUw==

esbuild-linux-arm64@0.14.43:
  version "0.14.43"
  resolved "https://registry.yarnpkg.com/esbuild-linux-arm64/-/esbuild-linux-arm64-0.14.43.tgz#4e8e9ce77cbf7efec65e79e512b3d2fbd2da398f"
  integrity sha512-UlSpjMWllAc70zYbHxWuDS3FJytyuR/gHJYBr8BICcTNb/TSOYVBg6U7b3jZ3mILTrgzwJUHwhEwK18FZDouUQ==

esbuild-linux-arm@0.14.43:
  version "0.14.43"
  resolved "https://registry.yarnpkg.com/esbuild-linux-arm/-/esbuild-linux-arm-0.14.43.tgz#9e41ee5e099c0ffdfd150da154330c2c0226cc96"
  integrity sha512-e6YzQUoDxxtyamuF12eVzzRC7bbEFSZohJ6igQB9tBqnNmIQY3fI6Cns3z2wxtbZ3f2o6idkD2fQnlvs2902Dg==

esbuild-linux-mips64le@0.14.43:
  version "0.14.43"
  resolved "https://registry.yarnpkg.com/esbuild-linux-mips64le/-/esbuild-linux-mips64le-0.14.43.tgz#4b41f465a787f91cc4fe7dffa0dcabf655935a1a"
  integrity sha512-f+v8cInPEL1/SDP//CfSYzcDNgE4CY3xgDV81DWm3KAPWzhvxARrKxB1Pstf5mB56yAslJDxu7ryBUPX207EZA==

esbuild-linux-ppc64le@0.14.43:
  version "0.14.43"
  resolved "https://registry.yarnpkg.com/esbuild-linux-ppc64le/-/esbuild-linux-ppc64le-0.14.43.tgz#ca15934f5b46728dd9ac05270e783e7feaca9eaf"
  integrity sha512-5wZYMDGAL/K2pqkdIsW+I4IR41kyfHr/QshJcNpUfK3RjB3VQcPWOaZmc+74rm4ZjVirYrtz+jWw0SgxtxRanA==

esbuild-linux-riscv64@0.14.43:
  version "0.14.43"
  resolved "https://registry.yarnpkg.com/esbuild-linux-riscv64/-/esbuild-linux-riscv64-0.14.43.tgz#70fce2b5a0605a67e58b5a357b0e00be1029836d"
  integrity sha512-lYcAOUxp85hC7lSjycJUVSmj4/9oEfSyXjb/ua9bNl8afonaduuqtw7hvKMoKuYnVwOCDw4RSfKpcnIRDWq+Bw==

esbuild-linux-s390x@0.14.43:
  version "0.14.43"
  resolved "https://registry.yarnpkg.com/esbuild-linux-s390x/-/esbuild-linux-s390x-0.14.43.tgz#318d03b4f4ccc7fa44ac7562121cf4a4529e477a"
  integrity sha512-27e43ZhHvhFE4nM7HqtUbMRu37I/4eNSUbb8FGZWszV+uLzMIsHDwLoBiJmw7G9N+hrehNPeQ4F5Ujad0DrUKQ==

esbuild-netbsd-64@0.14.43:
  version "0.14.43"
  resolved "https://registry.yarnpkg.com/esbuild-netbsd-64/-/esbuild-netbsd-64-0.14.43.tgz#86130ce204ef0162a96e863b55851efecc92f423"
  integrity sha512-2mH4QF6hHBn5zzAfxEI/2eBC0mspVsZ6UVo821LpAJKMvLJPBk3XJO5xwg7paDqSqpl7p6IRrAenW999AEfJhQ==

esbuild-openbsd-64@0.14.43:
  version "0.14.43"
  resolved "https://registry.yarnpkg.com/esbuild-openbsd-64/-/esbuild-openbsd-64-0.14.43.tgz#0229dc2db2ded97b03bb93bba7646b30ffdf5d0d"
  integrity sha512-ZhQpiZjvqCqO8jKdGp9+8k9E/EHSA+zIWOg+grwZasI9RoblqJ1QiZqqi7jfd6ZrrG1UFBNGe4m0NFxCFbMVbg==

esbuild-sunos-64@0.14.43:
  version "0.14.43"
  resolved "https://registry.yarnpkg.com/esbuild-sunos-64/-/esbuild-sunos-64-0.14.43.tgz#17e316216eb9f1de25d52a9000356ae5b869e736"
  integrity sha512-DgxSi9DaHReL9gYuul2rrQCAapgnCJkh3LSHPKsY26zytYppG0HgkgVF80zjIlvEsUbGBP/GHQzBtrezj/Zq1Q==

esbuild-windows-32@0.14.43:
  version "0.14.43"
  resolved "https://registry.yarnpkg.com/esbuild-windows-32/-/esbuild-windows-32-0.14.43.tgz#a173757bc6dfd0f2656ff40b64f7f9290745778e"
  integrity sha512-Ih3+2O5oExiqm0mY6YYE5dR0o8+AspccQ3vIAtRodwFvhuyGLjb0Hbmzun/F3Lw19nuhPMu3sW2fqIJ5xBxByw==

esbuild-windows-64@0.14.43:
  version "0.14.43"
  resolved "https://registry.yarnpkg.com/esbuild-windows-64/-/esbuild-windows-64-0.14.43.tgz#c447b23126aad158c4fe6a394342cafd97926ed1"
  integrity sha512-8NsuNfI8xwFuJbrCuI+aBqNTYkrWErejFO5aYM+yHqyHuL8mmepLS9EPzAzk8rvfaJrhN0+RvKWAcymViHOKEw==

esbuild-windows-arm64@0.14.43:
  version "0.14.43"
  resolved "https://registry.yarnpkg.com/esbuild-windows-arm64/-/esbuild-windows-arm64-0.14.43.tgz#3caed1b430d394d7a7836407b9d36c4750246e76"
  integrity sha512-7ZlD7bo++kVRblJEoG+cepljkfP8bfuTPz5fIXzptwnPaFwGS6ahvfoYzY7WCf5v/1nX2X02HDraVItTgbHnKw==

esbuild@^0.14.27:
  version "0.14.43"
  resolved "https://registry.yarnpkg.com/esbuild/-/esbuild-0.14.43.tgz#c227d585c512d3e0f23b88f50b8e16501147f647"
  integrity sha512-Uf94+kQmy/5jsFwKWiQB4hfo/RkM9Dh7b79p8yqd1tshULdr25G2szLz631NoH3s2ujnKEKVD16RmOxvCNKRFA==
  optionalDependencies:
    esbuild-android-64 "0.14.43"
    esbuild-android-arm64 "0.14.43"
    esbuild-darwin-64 "0.14.43"
    esbuild-darwin-arm64 "0.14.43"
    esbuild-freebsd-64 "0.14.43"
    esbuild-freebsd-arm64 "0.14.43"
    esbuild-linux-32 "0.14.43"
    esbuild-linux-64 "0.14.43"
    esbuild-linux-arm "0.14.43"
    esbuild-linux-arm64 "0.14.43"
    esbuild-linux-mips64le "0.14.43"
    esbuild-linux-ppc64le "0.14.43"
    esbuild-linux-riscv64 "0.14.43"
    esbuild-linux-s390x "0.14.43"
    esbuild-netbsd-64 "0.14.43"
    esbuild-openbsd-64 "0.14.43"
    esbuild-sunos-64 "0.14.43"
    esbuild-windows-32 "0.14.43"
    esbuild-windows-64 "0.14.43"
    esbuild-windows-arm64 "0.14.43"

estree-walker@^2.0.2:
  version "2.0.2"
  resolved "https://registry.yarnpkg.com/estree-walker/-/estree-walker-2.0.2.tgz#52f010178c2a4c117a7757cfe942adb7d2da4cac"
  integrity sha512-Rfkk/Mp/DL7JVje3u18FxFujQlTNR2q6QfMSMB7AvCBx91NGj/ba3kCfza0f6dVDbw7YlRf/nDrn7pQrCCyQ/w==

fsevents@~2.3.2:
  version "2.3.2"
  resolved "https://registry.yarnpkg.com/fsevents/-/fsevents-2.3.2.tgz#8a526f78b8fdf4623b709e0b975c52c24c02fd1a"
  integrity sha512-xiqMQR4xAeHTuB9uWm+fFRcIOgKBMiOBP+eXiyT7jsgVCq1bkVygt00oASowB7EdtpOHaaPgKt812P9ab+DDKA==

function-bind@^1.1.1:
  version "1.1.1"
  resolved "https://registry.yarnpkg.com/function-bind/-/function-bind-1.1.1.tgz#a56899d3ea3c9bab874bb9773b7c5ede92f4895d"
  integrity sha512-yIovAzMX49sF8Yl58fSCWJ5svSLuaibPxXQJFLmBObTuCr0Mf1KiPopGM9NiFjiYBCbfaa2Fh6breQ6ANVTI0A==

has@^1.0.3:
  version "1.0.3"
  resolved "https://registry.yarnpkg.com/has/-/has-1.0.3.tgz#722d7cbfc1f6aa8241f16dd814e011e1f41e8796"
  integrity sha512-f2dvO0VU6Oej7RkWJGrehjbzMAjFp5/VKPp5tTpWIV4JHHZK1/BxbFRtf/siA2SWTe09caDmVtYYzWEIbBS4zw==
  dependencies:
    function-bind "^1.1.1"

is-core-module@^2.8.1:
  version "2.8.1"
  resolved "https://registry.yarnpkg.com/is-core-module/-/is-core-module-2.8.1.tgz#f59fdfca701d5879d0a6b100a40aa1560ce27211"
  integrity sha512-SdNCUs284hr40hFTFP6l0IfZ/RSrMXF3qgoRHd3/79unUTvrFO/JoXwkGm+5J/Oe3E/b5GsnG330uUNgRpu1PA==
  dependencies:
    has "^1.0.3"

jsonc-parser@^3.0.0:
  version "3.0.0"
  resolved "https://registry.yarnpkg.com/jsonc-parser/-/jsonc-parser-3.0.0.tgz#abdd785701c7e7eaca8a9ec8cf070ca51a745a22"
  integrity sha512-fQzRfAbIBnR0IQvftw9FJveWiHp72Fg20giDrHz6TdfB12UH/uue0D3hm57UB5KgAVuniLMCaS8P1IMj9NR7cA==

magic-string@^0.25.7:
  version "0.25.7"
  resolved "https://registry.yarnpkg.com/magic-string/-/magic-string-0.25.7.tgz#3f497d6fd34c669c6798dcb821f2ef31f5445051"
  integrity sha512-4CrMT5DOHTDk4HYDlzmwu4FVCcIYI8gauveasrdCu2IKIFOJ3f0v/8MDGJCDL9oD2ppz/Av1b0Nj345H9M+XIA==
  dependencies:
    sourcemap-codec "^1.4.4"

nanoid@^3.1.22:
  version "3.1.22"
  resolved "https://registry.yarnpkg.com/nanoid/-/nanoid-3.1.22.tgz#b35f8fb7d151990a8aebd5aa5015c03cf726f844"
  integrity sha512-/2ZUaJX2ANuLtTvqTlgqBQNJoQO398KyJgZloL0PZkC0dpysjncRUPsFe3DUPzz/y3h+u7C46np8RMuvF3jsSQ==

nanoid@^3.3.4:
  version "3.3.4"
  resolved "https://registry.yarnpkg.com/nanoid/-/nanoid-3.3.4.tgz#730b67e3cd09e2deacf03c027c81c9d9dbc5e8ab"
  integrity sha512-MqBkQh/OHTS2egovRtLk45wEyNXwF+cokD+1YPf9u5VfJiRdAiRwB2froX5Co9Rh20xs4siNPm8naNotSD6RBw==

path-parse@^1.0.7:
  version "1.0.7"
  resolved "https://registry.yarnpkg.com/path-parse/-/path-parse-1.0.7.tgz#fbc114b60ca42b30d9daf5858e4bd68bbedb6735"
  integrity sha512-LDJzPVEEEPR+y48z93A0Ed0yXb8pAByGWo/k5YYdYgpY2/2EsOsksJrq7lOHxryrVOn1ejG6oAp8ahvOIQD8sw==

picocolors@^1.0.0:
  version "1.0.0"
  resolved "https://registry.yarnpkg.com/picocolors/-/picocolors-1.0.0.tgz#cb5bdc74ff3f51892236eaf79d68bc44564ab81c"
  integrity sha512-1fygroTLlHu66zi26VoTDv8yRgm0Fccecssto+MhsZ0D/DGW2sm8E8AjW7NU5VVTRt5GxbeZ5qBuJr+HyLYkjQ==

postcss@^8.1.10:
  version "8.2.12"
  resolved "https://registry.yarnpkg.com/postcss/-/postcss-8.2.12.tgz#81248a1a87e0f575cc594a99a08207fd1c4addc4"
  integrity sha512-BJnGT5+0q2tzvs6oQfnY2NpEJ7rIXNfBnZtQOKCIsweeWXBXeDd5k31UgTdS3d/c02ouspufn37mTaHWkJyzMQ==
  dependencies:
    colorette "^1.2.2"
    nanoid "^3.1.22"
    source-map "^0.6.1"

postcss@^8.4.13:
  version "8.4.14"
  resolved "https://registry.yarnpkg.com/postcss/-/postcss-8.4.14.tgz#ee9274d5622b4858c1007a74d76e42e56fd21caf"
  integrity sha512-E398TUmfAYFPBSdzgeieK2Y1+1cpdxJx8yXbK/m57nRhKSmk1GB2tO4lbLBtlkfPQTDKfe4Xqv1ASWPpayPEig==
  dependencies:
    nanoid "^3.3.4"
    picocolors "^1.0.0"
    source-map-js "^1.0.2"

preact@^10.0.0:
  version "10.5.13"
  resolved "https://registry.yarnpkg.com/preact/-/preact-10.5.13.tgz#85f6c9197ecd736ce8e3bec044d08fd1330fa019"
  integrity sha512-q/vlKIGNwzTLu+jCcvywgGrt+H/1P/oIRSD6mV4ln3hmlC+Aa34C7yfPI4+5bzW8pONyVXYS7SvXosy2dKKtWQ==

resolve@^1.22.0:
  version "1.22.0"
  resolved "https://registry.yarnpkg.com/resolve/-/resolve-1.22.0.tgz#5e0b8c67c15df57a89bdbabe603a002f21731198"
  integrity sha512-Hhtrw0nLeSrFQ7phPp4OOcVjLPIeMnRlr5mcnVuMe7M/7eBn98A3hmFRLoFo3DLZkivSYwhRUJTyPyWAk56WLw==
  dependencies:
    is-core-module "^2.8.1"
    path-parse "^1.0.7"
    supports-preserve-symlinks-flag "^1.0.0"

rollup@^2.59.0:
  version "2.62.0"
  resolved "https://registry.yarnpkg.com/rollup/-/rollup-2.62.0.tgz#9e640b419fc5b9e0241844f6d55258bd79986ecc"
  integrity sha512-cJEQq2gwB0GWMD3rYImefQTSjrPYaC6s4J9pYqnstVLJ1CHa/aZNVkD4Epuvg4iLeMA4KRiq7UM7awKK6j7jcw==
  optionalDependencies:
    fsevents "~2.3.2"

shiki@^0.10.1:
  version "0.10.1"
  resolved "https://registry.yarnpkg.com/shiki/-/shiki-0.10.1.tgz#6f9a16205a823b56c072d0f1a0bcd0f2646bef14"
  integrity sha512-VsY7QJVzU51j5o1+DguUd+6vmCmZ5v/6gYu4vyYAhzjuNQU6P/vmSy4uQaOhvje031qQMiW0d2BwgMH52vqMng==
  dependencies:
    jsonc-parser "^3.0.0"
    vscode-oniguruma "^1.6.1"
    vscode-textmate "5.2.0"

source-map-js@^1.0.2:
  version "1.0.2"
  resolved "https://registry.yarnpkg.com/source-map-js/-/source-map-js-1.0.2.tgz#adbc361d9c62df380125e7f161f71c826f1e490c"
  integrity sha512-R0XvVJ9WusLiqTCEiGCmICCMplcCkIwwR11mOSD9CR5u+IXYdiseeEuXCVAjS54zqwkLcPNnmU4OeJ6tUrWhDw==

source-map@^0.6.1:
  version "0.6.1"
  resolved "https://registry.yarnpkg.com/source-map/-/source-map-0.6.1.tgz#74722af32e9614e9c287a8d0bbde48b5e2f1a263"
  integrity sha512-UjgapumWlbMhkBgzT7Ykc5YXUT46F0iKu8SGXq0bcwP5dz/h0Plj6enJqjz1Zbq2l5WaqYnrVbwWOWMyF3F47g==

sourcemap-codec@^1.4.4:
  version "1.4.8"
  resolved "https://registry.yarnpkg.com/sourcemap-codec/-/sourcemap-codec-1.4.8.tgz#ea804bd94857402e6992d05a38ef1ae35a9ab4c4"
  integrity sha512-9NykojV5Uih4lgo5So5dtw+f0JgJX30KCNI8gwhz2J9A15wD0Ml6tjHKwf6fTSa6fAdVBdZeNOs9eJ71qCk8vA==

supports-preserve-symlinks-flag@^1.0.0:
  version "1.0.0"
  resolved "https://registry.yarnpkg.com/supports-preserve-symlinks-flag/-/supports-preserve-symlinks-flag-1.0.0.tgz#6eda4bd344a3c94aea376d4cc31bc77311039e09"
  integrity sha512-ot0WnXS9fgdkgIcePe6RHNk1WA8+muPa6cSjeR3V8K27q9BB1rTE3R1p7Hv0z1ZyAc8s6Vvv8DIyWf681MAt0w==

vite@^2.9.7:
  version "2.9.12"
  resolved "https://registry.yarnpkg.com/vite/-/vite-2.9.12.tgz#b1d636b0a8ac636afe9d83e3792d4895509a941b"
  integrity sha512-suxC36dQo9Rq1qMB2qiRorNJtJAdxguu5TMvBHOc/F370KvqAe9t48vYp+/TbPKRNrMh/J55tOUmkuIqstZaew==
  dependencies:
    esbuild "^0.14.27"
    postcss "^8.4.13"
    resolve "^1.22.0"
    rollup "^2.59.0"
  optionalDependencies:
    fsevents "~2.3.2"

vitepress@1.0.0-alpha.4:
  version "1.0.0-alpha.4"
  resolved "https://registry.yarnpkg.com/vitepress/-/vitepress-1.0.0-alpha.4.tgz#2d9929e2cade3d98f57f61848c01968fb386cee0"
  integrity sha512-bOAA4KW6vYGlkbcrPLZLTKWTgXVroObU+o9xj9EENyEl6yg26WWvfN7DGA4BftjdM5O8nR93Z5khPQ3W/tFE7Q==
  dependencies:
    "@docsearch/css" "^3.0.0"
    "@docsearch/js" "^3.0.0"
    "@vitejs/plugin-vue" "^2.3.2"
    "@vue/devtools-api" "^6.1.4"
    "@vueuse/core" "^8.5.0"
    body-scroll-lock "^4.0.0-beta.0"
    shiki "^0.10.1"
    vite "^2.9.7"
    vue "^3.2.33"

vscode-oniguruma@^1.6.1:
  version "1.6.2"
  resolved "https://registry.yarnpkg.com/vscode-oniguruma/-/vscode-oniguruma-1.6.2.tgz#aeb9771a2f1dbfc9083c8a7fdd9cccaa3f386607"
  integrity sha512-KH8+KKov5eS/9WhofZR8M8dMHWN2gTxjMsG4jd04YhpbPR91fUj7rYQ2/XjeHCJWbg7X++ApRIU9NUwM2vTvLA==

vscode-textmate@5.2.0:
  version "5.2.0"
  resolved "https://registry.yarnpkg.com/vscode-textmate/-/vscode-textmate-5.2.0.tgz#01f01760a391e8222fe4f33fbccbd1ad71aed74e"
  integrity sha512-Uw5ooOQxRASHgu6C7GVvUxisKXfSgW4oFlO+aa+PAkgmH89O3CXxEEzNRNtHSqtXFTl0nAC1uYj0GMSH27uwtQ==

vue-demi@*:
  version "0.13.1"
  resolved "https://registry.yarnpkg.com/vue-demi/-/vue-demi-0.13.1.tgz#7604904c88be338418a10abbc94d5b8caa14cb8c"
  integrity sha512-xmkJ56koG3ptpLnpgmIzk9/4nFf4CqduSJbUM0OdPoU87NwRuZ6x49OLhjSa/fC15fV+5CbEnrxU4oyE022svg==

vue@^3.2.33:
  version "3.2.37"
  resolved "https://registry.yarnpkg.com/vue/-/vue-3.2.37.tgz#da220ccb618d78579d25b06c7c21498ca4e5452e"
  integrity sha512-bOKEZxrm8Eh+fveCqS1/NkG/n6aMidsI6hahas7pa0w/l7jkbssJVsRhVDs07IdDq7h9KHswZOgItnwJAgtVtQ==
  dependencies:
    "@vue/compiler-dom" "3.2.37"
    "@vue/compiler-sfc" "3.2.37"
    "@vue/runtime-dom" "3.2.37"
    "@vue/server-renderer" "3.2.37"
    "@vue/shared" "3.2.37"
