# THIS IS AN AUTOGENERATED FILE. DO NOT EDIT THIS FILE DIRECTLY.
# yarn lockfile v1


"@algolia/autocomplete-core@1.5.0":
  version "1.5.0"
  resolved "https://registry.yarnpkg.com/@algolia/autocomplete-core/-/autocomplete-core-1.5.0.tgz#6c91c9de7748e9c103846828a58dfe92bd4d6689"
  integrity sha512-E7+VJwcvwMM8vPeaVn7fNUgix8WHV8A1WUeHDi2KHemCaaGc8lvUnP3QnvhMxiDhTe7OpMEv4o2TBUMyDgThaw==
  dependencies:
    "@algolia/autocomplete-shared" "1.5.0"

"@algolia/autocomplete-preset-algolia@1.5.0":
  version "1.5.0"
  resolved "https://registry.yarnpkg.com/@algolia/autocomplete-preset-algolia/-/autocomplete-preset-algolia-1.5.0.tgz#61671f09c0c77133d9baf1356719f8378c48437a"
  integrity sha512-iiFxKERGHkvkiupmrFJbvESpP/zv5jSgH714XRiP5LDvUHaYOo4GLAwZCFf2ef/L5tdtPBARvekn6k1Xf33gjA==
  dependencies:
    "@algolia/autocomplete-shared" "1.5.0"

"@algolia/autocomplete-shared@1.5.0":
  version "1.5.0"
  resolved "https://registry.yarnpkg.com/@algolia/autocomplete-shared/-/autocomplete-shared-1.5.0.tgz#09580bc89408a2ab5f29e312120dad68f58019bd"
  integrity sha512-bRSkqHHHSwZYbFY3w9hgMyQRm86Wz27bRaGCbNldLfbk0zUjApmE4ajx+ZCVSLqxvcUEjMqZFJzDsder12eKsg==

"@algolia/cache-browser-local-storage@4.9.0":
  version "4.9.0"
  resolved "https://registry.yarnpkg.com/@algolia/cache-browser-local-storage/-/cache-browser-local-storage-4.9.0.tgz#9adf95a143b71219b24fa2874de771b58109c9c2"
  integrity sha512-H659baxPygLp1ed5Y+kko9nLhhTRtZ6v2k2cs2/WTErAd6XU+OrvTvsEedUprDYUve/t9NLg95Ka9TK8QEQk1w==
  dependencies:
    "@algolia/cache-common" "4.9.0"

"@algolia/cache-common@4.9.0":
  version "4.9.0"
  resolved "https://registry.yarnpkg.com/@algolia/cache-common/-/cache-common-4.9.0.tgz#ec63d71ec201d0d9eb9946bc58f10e430e982b7b"
  integrity sha512-hBqkLEw1Y7oxEJEVmcdm/s/+KKlvCmSenlX5rrQts5qCNdhdS1QkCvHx8vgFF9J6uliP2TPs+umrrXc+aKsLPw==

"@algolia/cache-in-memory@4.9.0":
  version "4.9.0"
  resolved "https://registry.yarnpkg.com/@algolia/cache-in-memory/-/cache-in-memory-4.9.0.tgz#14287235b7eff46c0c3dae2f05e7816805948804"
  integrity sha512-8q9z8tkIrgPenZl+aTc6MOQleLnanVy+Nsz7Uzga5r9Kb7xpqYKNI9rSJYyBzl7KRxock5v6AOUiFgi45eDnDg==
  dependencies:
    "@algolia/cache-common" "4.9.0"

"@algolia/client-account@4.9.0":
  version "4.9.0"
  resolved "https://registry.yarnpkg.com/@algolia/client-account/-/client-account-4.9.0.tgz#bf8c23d8c7ff9bfa08b480fa27f96cfb489f3263"
  integrity sha512-u9cljyqUnlgHIKazeOA2R820pDZFReRVm3AObiGrxhdKVQ44ZOgAlN+NIqA+c19iFdpulzpkPKxU+Uavcky7JQ==
  dependencies:
    "@algolia/client-common" "4.9.0"
    "@algolia/client-search" "4.9.0"
    "@algolia/transporter" "4.9.0"

"@algolia/client-analytics@4.9.0":
  version "4.9.0"
  resolved "https://registry.yarnpkg.com/@algolia/client-analytics/-/client-analytics-4.9.0.tgz#4d559ffc9c644684fa152500178eafa1df21ba3d"
  integrity sha512-5TafTR/uP9X4EpDOvBK1w4cgc3JpKeokPJqD37q46AH1IGI8UO5Gy1H5LxcGmPTIMdMnuSfiYgRJsyoEO1Co0A==
  dependencies:
    "@algolia/client-common" "4.9.0"
    "@algolia/client-search" "4.9.0"
    "@algolia/requester-common" "4.9.0"
    "@algolia/transporter" "4.9.0"

"@algolia/client-common@4.9.0":
  version "4.9.0"
  resolved "https://registry.yarnpkg.com/@algolia/client-common/-/client-common-4.9.0.tgz#51f9cf66b99e4042647d344bb4dd1cd970de0f81"
  integrity sha512-Rjk4XMXi6B63jdKQwnGbKwIubB5QIgok+k67QwrgadbqVphHueJ3af3D6i3sRcKBBTmdprFAXn0zX/zaxYBhAQ==
  dependencies:
    "@algolia/requester-common" "4.9.0"
    "@algolia/transporter" "4.9.0"

"@algolia/client-recommendation@4.9.0":
  version "4.9.0"
  resolved "https://registry.yarnpkg.com/@algolia/client-recommendation/-/client-recommendation-4.9.0.tgz#24992ff450d82fa982f8a3c9af7b043532cfa64b"
  integrity sha512-6y6uyQmmowuBqMkk4iLeBOkd1qtBpfGJ5/di0S041eHQlD0v9WxyhbZyOopn0XxopSLbQaO22u0rjEcla7KYlA==
  dependencies:
    "@algolia/client-common" "4.9.0"
    "@algolia/requester-common" "4.9.0"
    "@algolia/transporter" "4.9.0"

"@algolia/client-search@4.9.0":
  version "4.9.0"
  resolved "https://registry.yarnpkg.com/@algolia/client-search/-/client-search-4.9.0.tgz#806379940d08cb95f562d93e31c2f0478fc040a4"
  integrity sha512-HFfeUJN6GPHsjfcchmksoqlBLF5gT+jRHmSait4fWtde85eGFyJVL7ubUZD9KjlEjzebmUPPIZ1ixcupaTUBnw==
  dependencies:
    "@algolia/client-common" "4.9.0"
    "@algolia/requester-common" "4.9.0"
    "@algolia/transporter" "4.9.0"

"@algolia/logger-common@4.9.0":
  version "4.9.0"
  resolved "https://registry.yarnpkg.com/@algolia/logger-common/-/logger-common-4.9.0.tgz#488f23c0758ab0cd79f0fcbbd3691fb216a0b0dc"
  integrity sha512-OU8lzR1I8R0Qsgk+u4GOSFpEEKZkzPYZP1OXsw92gejW08k5N6kVLzfvVvgNA1KAeZPFXADdH26VBQ/2M9wF3g==

"@algolia/logger-console@4.9.0":
  version "4.9.0"
  resolved "https://registry.yarnpkg.com/@algolia/logger-console/-/logger-console-4.9.0.tgz#fe6bdd316f163908617874fae9f61e3249ae23a2"
  integrity sha512-CrBU+E2iA4xXnb1rwX3G1ox9O+N+OjxnWccL75sWr1nQ/kh08TPpV7TYAvQEOFEDj8vV1kPeYEMENulbjmVZSA==
  dependencies:
    "@algolia/logger-common" "4.9.0"

"@algolia/requester-browser-xhr@4.9.0":
  version "4.9.0"
  resolved "https://registry.yarnpkg.com/@algolia/requester-browser-xhr/-/requester-browser-xhr-4.9.0.tgz#ae4f39171f74ea3532f66cd39be777eaafe8147d"
  integrity sha512-KJESXTv4z+mDCn1C9b/azUqPTgIFVL/Y4+Eopz6YBg9Lj0C6KQrsW68w0uLJcGSw9o/qBoKcpUo4QNm4/CwrdQ==
  dependencies:
    "@algolia/requester-common" "4.9.0"

"@algolia/requester-common@4.9.0":
  version "4.9.0"
  resolved "https://registry.yarnpkg.com/@algolia/requester-common/-/requester-common-4.9.0.tgz#e65d6fb08d239d86a0076ad32638fe2d8abedaf6"
  integrity sha512-8/ljy4/pnB8d4/yTaJQa2t3oKdbsVq9nDXkwhCACVum8tGYSSGpCtpBGln6M4g+QdfBSQxYILTB1wwHLFUstmg==

"@algolia/requester-node-http@4.9.0":
  version "4.9.0"
  resolved "https://registry.yarnpkg.com/@algolia/requester-node-http/-/requester-node-http-4.9.0.tgz#4cb7cf5b1f4228a3128ccb2700b790a6f81ec7e6"
  integrity sha512-JpkjPXDCgT+Z8G8d/6hxId7+560HeCHoiDcEFr9eWR/kClAOgVwgVH1I64pmH8ucsjL7kdWbkxez7zBzPiV+Tg==
  dependencies:
    "@algolia/requester-common" "4.9.0"

"@algolia/transporter@4.9.0":
  version "4.9.0"
  resolved "https://registry.yarnpkg.com/@algolia/transporter/-/transporter-4.9.0.tgz#8d4cadcee1b848e3b7c3efbfb76f46c3a374afbb"
  integrity sha512-GySLvXwg0DQ2LM0/W+hr9y1Co3QY1iNnhWA82gFhBrz7RWGzw47qEsh//9u/wnjl6S1WOjH+eKm5PaQATG1BXg==
  dependencies:
    "@algolia/cache-common" "4.9.0"
    "@algolia/logger-common" "4.9.0"
    "@algolia/requester-common" "4.9.0"

"@babel/parser@^7.16.4":
  version "7.16.6"
  resolved "https://registry.yarnpkg.com/@babel/parser/-/parser-7.16.6.tgz#8f194828193e8fa79166f34a4b4e52f3e769a314"
  integrity sha512-Gr86ujcNuPDnNOY8mi383Hvi8IYrJVJYuf3XcuBM/Dgd+bINn/7tHqsj+tKkoreMbmGsFLsltI/JJd8fOFWGDQ==

"@docsearch/css@3.0.0-alpha.42", "@docsearch/css@^3.0.0-alpha.41":
  version "3.0.0-alpha.42"
  resolved "https://registry.yarnpkg.com/@docsearch/css/-/css-3.0.0-alpha.42.tgz#deb6049e999d6ca9451eba4793cb5b6da28c8773"
  integrity sha512-AGwI2AXUacYhVOHmYnsXoYDJKO6Ued2W+QO80GERbMLhC7GH5tfvtW5REs/s7jSdcU3vzFoxT8iPDBCh/PkrlQ==

"@docsearch/js@^3.0.0-alpha.41":
  version "3.0.0-alpha.42"
  resolved "https://registry.yarnpkg.com/@docsearch/js/-/js-3.0.0-alpha.42.tgz#3cef648da141994c8bb1d0f13afbdb0a1e9d8daa"
  integrity sha512-8rxxsvFKS5GzDX2MYMETeib4EOwAkoxVUHFP5R4tSENXojhuCEy3np+k3Q0c9WPT+MUmWLxKJab5jyl0jmaeBQ==
  dependencies:
    "@docsearch/react" "3.0.0-alpha.42"
    preact "^10.0.0"

"@docsearch/react@3.0.0-alpha.42":
  version "3.0.0-alpha.42"
  resolved "https://registry.yarnpkg.com/@docsearch/react/-/react-3.0.0-alpha.42.tgz#1d22a2b05779f24d090ff8d7ff2699e4d50dff5c"
  integrity sha512-1aOslZJDxwUUcm2QRNmlEePUgL8P5fOAeFdOLDMctHQkV2iTja9/rKVbkP8FZbIUnZxuuCCn8ErLrjD/oXWOag==
  dependencies:
    "@algolia/autocomplete-core" "1.5.0"
    "@algolia/autocomplete-preset-algolia" "1.5.0"
    "@docsearch/css" "3.0.0-alpha.42"
    algoliasearch "^4.0.0"

"@vitejs/plugin-vue@^2.0.0":
  version "2.0.1"
  resolved "https://registry.yarnpkg.com/@vitejs/plugin-vue/-/plugin-vue-2.0.1.tgz#db0e5eacf96358e04cc501c9008079b25a70a4ac"
  integrity sha512-wtdMnGVvys9K8tg+DxowU1ytTrdVveXr3LzdhaKakysgGXyrsfaeds2cDywtvujEASjWOwWL/OgWM+qoeM8Plg==

"@vue/compiler-core@3.2.26":
  version "3.2.26"
  resolved "https://registry.yarnpkg.com/@vue/compiler-core/-/compiler-core-3.2.26.tgz#9ab92ae624da51f7b6064f4679c2d4564f437cc8"
  integrity sha512-N5XNBobZbaASdzY9Lga2D9Lul5vdCIOXvUMd6ThcN8zgqQhPKfCV+wfAJNNJKQkSHudnYRO2gEB+lp0iN3g2Tw==
  dependencies:
    "@babel/parser" "^7.16.4"
    "@vue/shared" "3.2.26"
    estree-walker "^2.0.2"
    source-map "^0.6.1"

"@vue/compiler-dom@3.2.26":
  version "3.2.26"
  resolved "https://registry.yarnpkg.com/@vue/compiler-dom/-/compiler-dom-3.2.26.tgz#c7a7b55d50a7b7981dd44fc28211df1450482667"
  integrity sha512-smBfaOW6mQDxcT3p9TKT6mE22vjxjJL50GFVJiI0chXYGU/xzC05QRGrW3HHVuJrmLTLx5zBhsZ2dIATERbarg==
  dependencies:
    "@vue/compiler-core" "3.2.26"
    "@vue/shared" "3.2.26"

"@vue/compiler-sfc@3.2.26":
  version "3.2.26"
  resolved "https://registry.yarnpkg.com/@vue/compiler-sfc/-/compiler-sfc-3.2.26.tgz#3ce76677e4aa58311655a3bea9eb1cb804d2273f"
  integrity sha512-ePpnfktV90UcLdsDQUh2JdiTuhV0Skv2iYXxfNMOK/F3Q+2BO0AulcVcfoksOpTJGmhhfosWfMyEaEf0UaWpIw==
  dependencies:
    "@babel/parser" "^7.16.4"
    "@vue/compiler-core" "3.2.26"
    "@vue/compiler-dom" "3.2.26"
    "@vue/compiler-ssr" "3.2.26"
    "@vue/reactivity-transform" "3.2.26"
    "@vue/shared" "3.2.26"
    estree-walker "^2.0.2"
    magic-string "^0.25.7"
    postcss "^8.1.10"
    source-map "^0.6.1"

"@vue/compiler-ssr@3.2.26":
  version "3.2.26"
  resolved "https://registry.yarnpkg.com/@vue/compiler-ssr/-/compiler-ssr-3.2.26.tgz#fd049523341fbf4ab5e88e25eef566d862894ba7"
  integrity sha512-2mywLX0ODc4Zn8qBoA2PDCsLEZfpUGZcyoFRLSOjyGGK6wDy2/5kyDOWtf0S0UvtoyVq95OTSGIALjZ4k2q/ag==
  dependencies:
    "@vue/compiler-dom" "3.2.26"
    "@vue/shared" "3.2.26"

"@vue/reactivity-transform@3.2.26":
  version "3.2.26"
  resolved "https://registry.yarnpkg.com/@vue/reactivity-transform/-/reactivity-transform-3.2.26.tgz#6d8f20a4aa2d19728f25de99962addbe7c4d03e9"
  integrity sha512-XKMyuCmzNA7nvFlYhdKwD78rcnmPb7q46uoR00zkX6yZrUmcCQ5OikiwUEVbvNhL5hBJuvbSO95jB5zkUon+eQ==
  dependencies:
    "@babel/parser" "^7.16.4"
    "@vue/compiler-core" "3.2.26"
    "@vue/shared" "3.2.26"
    estree-walker "^2.0.2"
    magic-string "^0.25.7"

"@vue/reactivity@3.2.26":
  version "3.2.26"
  resolved "https://registry.yarnpkg.com/@vue/reactivity/-/reactivity-3.2.26.tgz#d529191e581521c3c12e29ef986d4c8a933a0f83"
  integrity sha512-h38bxCZLW6oFJVDlCcAiUKFnXI8xP8d+eO0pcDxx+7dQfSPje2AO6M9S9QO6MrxQB7fGP0DH0dYQ8ksf6hrXKQ==
  dependencies:
    "@vue/shared" "3.2.26"

"@vue/runtime-core@3.2.26":
  version "3.2.26"
  resolved "https://registry.yarnpkg.com/@vue/runtime-core/-/runtime-core-3.2.26.tgz#5c59cc440ed7a39b6dbd4c02e2d21c8d1988f0de"
  integrity sha512-BcYi7qZ9Nn+CJDJrHQ6Zsmxei2hDW0L6AB4vPvUQGBm2fZyC0GXd/4nVbyA2ubmuhctD5RbYY8L+5GUJszv9mQ==
  dependencies:
    "@vue/reactivity" "3.2.26"
    "@vue/shared" "3.2.26"

"@vue/runtime-dom@3.2.26":
  version "3.2.26"
  resolved "https://registry.yarnpkg.com/@vue/runtime-dom/-/runtime-dom-3.2.26.tgz#84d3ae2584488747717c2e072d5d9112c0d2e6c2"
  integrity sha512-dY56UIiZI+gjc4e8JQBwAifljyexfVCkIAu/WX8snh8vSOt/gMSEGwPRcl2UpYpBYeyExV8WCbgvwWRNt9cHhQ==
  dependencies:
    "@vue/runtime-core" "3.2.26"
    "@vue/shared" "3.2.26"
    csstype "^2.6.8"

"@vue/server-renderer@3.2.26":
  version "3.2.26"
  resolved "https://registry.yarnpkg.com/@vue/server-renderer/-/server-renderer-3.2.26.tgz#f16a4b9fbcc917417b4cea70c99afce2701341cf"
  integrity sha512-Jp5SggDUvvUYSBIvYEhy76t4nr1vapY/FIFloWmQzn7UxqaHrrBpbxrqPcTrSgGrcaglj0VBp22BKJNre4aA1w==
  dependencies:
    "@vue/compiler-ssr" "3.2.26"
    "@vue/shared" "3.2.26"

"@vue/shared@3.2.26":
  version "3.2.26"
  resolved "https://registry.yarnpkg.com/@vue/shared/-/shared-3.2.26.tgz#7acd1621783571b9a82eca1f041b4a0a983481d9"
  integrity sha512-vPV6Cq+NIWbH5pZu+V+2QHE9y1qfuTq49uNWw4f7FDEeZaDU2H2cx5jcUZOAKW7qTrUS4k6qZPbMy1x4N96nbA==

algoliasearch@^4.0.0:
  version "4.9.0"
  resolved "https://registry.yarnpkg.com/algoliasearch/-/algoliasearch-4.9.0.tgz#76a78632014902845af5f1d7c02a7115e5b53b50"
  integrity sha512-hhlza8j/uCWGe2kSz89HlcexiLxO1wzOKLNPWivNtZeZO5J85agbcMsrKV5+xLFI4LbulP/b/4/IvswxzPrGIw==
  dependencies:
    "@algolia/cache-browser-local-storage" "4.9.0"
    "@algolia/cache-common" "4.9.0"
    "@algolia/cache-in-memory" "4.9.0"
    "@algolia/client-account" "4.9.0"
    "@algolia/client-analytics" "4.9.0"
    "@algolia/client-common" "4.9.0"
    "@algolia/client-recommendation" "4.9.0"
    "@algolia/client-search" "4.9.0"
    "@algolia/logger-common" "4.9.0"
    "@algolia/logger-console" "4.9.0"
    "@algolia/requester-browser-xhr" "4.9.0"
    "@algolia/requester-common" "4.9.0"
    "@algolia/requester-node-http" "4.9.0"
    "@algolia/transporter" "4.9.0"

colorette@^1.2.2:
  version "1.2.2"
  resolved "https://registry.yarnpkg.com/colorette/-/colorette-1.2.2.tgz#cbcc79d5e99caea2dbf10eb3a26fd8b3e6acfa94"
  integrity sha512-MKGMzyfeuutC/ZJ1cba9NqcNpfeqMUcYmyF1ZFY6/Cn7CNSAKx6a+s48sqLqyAiZuaP2TcqMhoo+dlwFnVxT9w==

csstype@^2.6.8:
  version "2.6.17"
  resolved "https://registry.yarnpkg.com/csstype/-/csstype-2.6.17.tgz#4cf30eb87e1d1a005d8b6510f95292413f6a1c0e"
  integrity sha512-u1wmTI1jJGzCJzWndZo8mk4wnPTZd1eOIYTYvuEyOQGfmDl3TrabCCfKnOC86FZwW/9djqTl933UF/cS425i9A==

esbuild-android-arm64@0.13.15:
  version "0.13.15"
  resolved "https://registry.yarnpkg.com/esbuild-android-arm64/-/esbuild-android-arm64-0.13.15.tgz#3fc3ff0bab76fe35dd237476b5d2b32bb20a3d44"
  integrity sha512-m602nft/XXeO8YQPUDVoHfjyRVPdPgjyyXOxZ44MK/agewFFkPa8tUo6lAzSWh5Ui5PB4KR9UIFTSBKh/RrCmg==

esbuild-darwin-64@0.13.15:
  version "0.13.15"
  resolved "https://registry.yarnpkg.com/esbuild-darwin-64/-/esbuild-darwin-64-0.13.15.tgz#8e9169c16baf444eacec60d09b24d11b255a8e72"
  integrity sha512-ihOQRGs2yyp7t5bArCwnvn2Atr6X4axqPpEdCFPVp7iUj4cVSdisgvEKdNR7yH3JDjW6aQDw40iQFoTqejqxvQ==

esbuild-darwin-arm64@0.13.15:
  version "0.13.15"
  resolved "https://registry.yarnpkg.com/esbuild-darwin-arm64/-/esbuild-darwin-arm64-0.13.15.tgz#1b07f893b632114f805e188ddfca41b2b778229a"
  integrity sha512-i1FZssTVxUqNlJ6cBTj5YQj4imWy3m49RZRnHhLpefFIh0To05ow9DTrXROTE1urGTQCloFUXTX8QfGJy1P8dQ==

esbuild-freebsd-64@0.13.15:
  version "0.13.15"
  resolved "https://registry.yarnpkg.com/esbuild-freebsd-64/-/esbuild-freebsd-64-0.13.15.tgz#0b8b7eca1690c8ec94c75680c38c07269c1f4a85"
  integrity sha512-G3dLBXUI6lC6Z09/x+WtXBXbOYQZ0E8TDBqvn7aMaOCzryJs8LyVXKY4CPnHFXZAbSwkCbqiPuSQ1+HhrNk7EA==

esbuild-freebsd-arm64@0.13.15:
  version "0.13.15"
  resolved "https://registry.yarnpkg.com/esbuild-freebsd-arm64/-/esbuild-freebsd-arm64-0.13.15.tgz#2e1a6c696bfdcd20a99578b76350b41db1934e52"
  integrity sha512-KJx0fzEDf1uhNOZQStV4ujg30WlnwqUASaGSFPhznLM/bbheu9HhqZ6mJJZM32lkyfGJikw0jg7v3S0oAvtvQQ==

esbuild-linux-32@0.13.15:
  version "0.13.15"
  resolved "https://registry.yarnpkg.com/esbuild-linux-32/-/esbuild-linux-32-0.13.15.tgz#6fd39f36fc66dd45b6b5f515728c7bbebc342a69"
  integrity sha512-ZvTBPk0YWCLMCXiFmD5EUtB30zIPvC5Itxz0mdTu/xZBbbHJftQgLWY49wEPSn2T/TxahYCRDWun5smRa0Tu+g==

esbuild-linux-64@0.13.15:
  version "0.13.15"
  resolved "https://registry.yarnpkg.com/esbuild-linux-64/-/esbuild-linux-64-0.13.15.tgz#9cb8e4bcd7574e67946e4ee5f1f1e12386bb6dd3"
  integrity sha512-eCKzkNSLywNeQTRBxJRQ0jxRCl2YWdMB3+PkWFo2BBQYC5mISLIVIjThNtn6HUNqua1pnvgP5xX0nHbZbPj5oA==

esbuild-linux-arm64@0.13.15:
  version "0.13.15"
  resolved "https://registry.yarnpkg.com/esbuild-linux-arm64/-/esbuild-linux-arm64-0.13.15.tgz#3891aa3704ec579a1b92d2a586122e5b6a2bfba1"
  integrity sha512-bYpuUlN6qYU9slzr/ltyLTR9YTBS7qUDymO8SV7kjeNext61OdmqFAzuVZom+OLW1HPHseBfJ/JfdSlx8oTUoA==

esbuild-linux-arm@0.13.15:
  version "0.13.15"
  resolved "https://registry.yarnpkg.com/esbuild-linux-arm/-/esbuild-linux-arm-0.13.15.tgz#8a00e99e6a0c6c9a6b7f334841364d8a2b4aecfe"
  integrity sha512-wUHttDi/ol0tD8ZgUMDH8Ef7IbDX+/UsWJOXaAyTdkT7Yy9ZBqPg8bgB/Dn3CZ9SBpNieozrPRHm0BGww7W/jA==

esbuild-linux-mips64le@0.13.15:
  version "0.13.15"
  resolved "https://registry.yarnpkg.com/esbuild-linux-mips64le/-/esbuild-linux-mips64le-0.13.15.tgz#36b07cc47c3d21e48db3bb1f4d9ef8f46aead4f7"
  integrity sha512-KlVjIG828uFPyJkO/8gKwy9RbXhCEUeFsCGOJBepUlpa7G8/SeZgncUEz/tOOUJTcWMTmFMtdd3GElGyAtbSWg==

esbuild-linux-ppc64le@0.13.15:
  version "0.13.15"
  resolved "https://registry.yarnpkg.com/esbuild-linux-ppc64le/-/esbuild-linux-ppc64le-0.13.15.tgz#f7e6bba40b9a11eb9dcae5b01550ea04670edad2"
  integrity sha512-h6gYF+OsaqEuBjeesTBtUPw0bmiDu7eAeuc2OEH9S6mV9/jPhPdhOWzdeshb0BskRZxPhxPOjqZ+/OqLcxQwEQ==

esbuild-netbsd-64@0.13.15:
  version "0.13.15"
  resolved "https://registry.yarnpkg.com/esbuild-netbsd-64/-/esbuild-netbsd-64-0.13.15.tgz#a2fedc549c2b629d580a732d840712b08d440038"
  integrity sha512-3+yE9emwoevLMyvu+iR3rsa+Xwhie7ZEHMGDQ6dkqP/ndFzRHkobHUKTe+NCApSqG5ce2z4rFu+NX/UHnxlh3w==

esbuild-openbsd-64@0.13.15:
  version "0.13.15"
  resolved "https://registry.yarnpkg.com/esbuild-openbsd-64/-/esbuild-openbsd-64-0.13.15.tgz#b22c0e5806d3a1fbf0325872037f885306b05cd7"
  integrity sha512-wTfvtwYJYAFL1fSs8yHIdf5GEE4NkbtbXtjLWjM3Cw8mmQKqsg8kTiqJ9NJQe5NX/5Qlo7Xd9r1yKMMkHllp5g==

esbuild-sunos-64@0.13.15:
  version "0.13.15"
  resolved "https://registry.yarnpkg.com/esbuild-sunos-64/-/esbuild-sunos-64-0.13.15.tgz#d0b6454a88375ee8d3964daeff55c85c91c7cef4"
  integrity sha512-lbivT9Bx3t1iWWrSnGyBP9ODriEvWDRiweAs69vI+miJoeKwHWOComSRukttbuzjZ8r1q0mQJ8Z7yUsDJ3hKdw==

esbuild-windows-32@0.13.15:
  version "0.13.15"
  resolved "https://registry.yarnpkg.com/esbuild-windows-32/-/esbuild-windows-32-0.13.15.tgz#c96d0b9bbb52f3303322582ef8e4847c5ad375a7"
  integrity sha512-fDMEf2g3SsJ599MBr50cY5ve5lP1wyVwTe6aLJsM01KtxyKkB4UT+fc5MXQFn3RLrAIAZOG+tHC+yXObpSn7Nw==

esbuild-windows-64@0.13.15:
  version "0.13.15"
  resolved "https://registry.yarnpkg.com/esbuild-windows-64/-/esbuild-windows-64-0.13.15.tgz#1f79cb9b1e1bb02fb25cd414cb90d4ea2892c294"
  integrity sha512-9aMsPRGDWCd3bGjUIKG/ZOJPKsiztlxl/Q3C1XDswO6eNX/Jtwu4M+jb6YDH9hRSUflQWX0XKAfWzgy5Wk54JQ==

esbuild-windows-arm64@0.13.15:
  version "0.13.15"
  resolved "https://registry.yarnpkg.com/esbuild-windows-arm64/-/esbuild-windows-arm64-0.13.15.tgz#482173070810df22a752c686509c370c3be3b3c3"
  integrity sha512-zzvyCVVpbwQQATaf3IG8mu1IwGEiDxKkYUdA4FpoCHi1KtPa13jeScYDjlW0Qh+ebWzpKfR2ZwvqAQkSWNcKjA==

esbuild@^0.13.12:
  version "0.13.15"
  resolved "https://registry.yarnpkg.com/esbuild/-/esbuild-0.13.15.tgz#db56a88166ee373f87dbb2d8798ff449e0450cdf"
  integrity sha512-raCxt02HBKv8RJxE8vkTSCXGIyKHdEdGfUmiYb8wnabnaEmHzyW7DCHb5tEN0xU8ryqg5xw54mcwnYkC4x3AIw==
  optionalDependencies:
    esbuild-android-arm64 "0.13.15"
    esbuild-darwin-64 "0.13.15"
    esbuild-darwin-arm64 "0.13.15"
    esbuild-freebsd-64 "0.13.15"
    esbuild-freebsd-arm64 "0.13.15"
    esbuild-linux-32 "0.13.15"
    esbuild-linux-64 "0.13.15"
    esbuild-linux-arm "0.13.15"
    esbuild-linux-arm64 "0.13.15"
    esbuild-linux-mips64le "0.13.15"
    esbuild-linux-ppc64le "0.13.15"
    esbuild-netbsd-64 "0.13.15"
    esbuild-openbsd-64 "0.13.15"
    esbuild-sunos-64 "0.13.15"
    esbuild-windows-32 "0.13.15"
    esbuild-windows-64 "0.13.15"
    esbuild-windows-arm64 "0.13.15"

estree-walker@^2.0.2:
  version "2.0.2"
  resolved "https://registry.yarnpkg.com/estree-walker/-/estree-walker-2.0.2.tgz#52f010178c2a4c117a7757cfe942adb7d2da4cac"
  integrity sha512-Rfkk/Mp/DL7JVje3u18FxFujQlTNR2q6QfMSMB7AvCBx91NGj/ba3kCfza0f6dVDbw7YlRf/nDrn7pQrCCyQ/w==

fsevents@~2.3.2:
  version "2.3.2"
  resolved "https://registry.yarnpkg.com/fsevents/-/fsevents-2.3.2.tgz#8a526f78b8fdf4623b709e0b975c52c24c02fd1a"
  integrity sha512-xiqMQR4xAeHTuB9uWm+fFRcIOgKBMiOBP+eXiyT7jsgVCq1bkVygt00oASowB7EdtpOHaaPgKt812P9ab+DDKA==

function-bind@^1.1.1:
  version "1.1.1"
  resolved "https://registry.yarnpkg.com/function-bind/-/function-bind-1.1.1.tgz#a56899d3ea3c9bab874bb9773b7c5ede92f4895d"
  integrity sha512-yIovAzMX49sF8Yl58fSCWJ5svSLuaibPxXQJFLmBObTuCr0Mf1KiPopGM9NiFjiYBCbfaa2Fh6breQ6ANVTI0A==

has@^1.0.3:
  version "1.0.3"
  resolved "https://registry.yarnpkg.com/has/-/has-1.0.3.tgz#722d7cbfc1f6aa8241f16dd814e011e1f41e8796"
  integrity sha512-f2dvO0VU6Oej7RkWJGrehjbzMAjFp5/VKPp5tTpWIV4JHHZK1/BxbFRtf/siA2SWTe09caDmVtYYzWEIbBS4zw==
  dependencies:
    function-bind "^1.1.1"

is-core-module@^2.2.0:
  version "2.3.0"
  resolved "https://registry.yarnpkg.com/is-core-module/-/is-core-module-2.3.0.tgz#d341652e3408bca69c4671b79a0954a3d349f887"
  integrity sha512-xSphU2KG9867tsYdLD4RWQ1VqdFl4HTO9Thf3I/3dLEfr0dbPTWKsuCKrgqMljg4nPE+Gq0VCnzT3gr0CyBmsw==
  dependencies:
    has "^1.0.3"

magic-string@^0.25.7:
  version "0.25.7"
  resolved "https://registry.yarnpkg.com/magic-string/-/magic-string-0.25.7.tgz#3f497d6fd34c669c6798dcb821f2ef31f5445051"
  integrity sha512-4CrMT5DOHTDk4HYDlzmwu4FVCcIYI8gauveasrdCu2IKIFOJ3f0v/8MDGJCDL9oD2ppz/Av1b0Nj345H9M+XIA==
  dependencies:
    sourcemap-codec "^1.4.4"

nanoid@^3.1.22:
  version "3.1.22"
  resolved "https://registry.yarnpkg.com/nanoid/-/nanoid-3.1.22.tgz#b35f8fb7d151990a8aebd5aa5015c03cf726f844"
  integrity sha512-/2ZUaJX2ANuLtTvqTlgqBQNJoQO398KyJgZloL0PZkC0dpysjncRUPsFe3DUPzz/y3h+u7C46np8RMuvF3jsSQ==

nanoid@^3.1.30:
  version "3.1.30"
  resolved "https://registry.yarnpkg.com/nanoid/-/nanoid-3.1.30.tgz#63f93cc548d2a113dc5dfbc63bfa09e2b9b64362"
  integrity sha512-zJpuPDwOv8D2zq2WRoMe1HsfZthVewpel9CAvTfc/2mBD1uUT/agc5f7GHGWXlYkFvi1mVxe4IjvP2HNrop7nQ==

path-parse@^1.0.6:
  version "1.0.6"
  resolved "https://registry.yarnpkg.com/path-parse/-/path-parse-1.0.6.tgz#d62dbb5679405d72c4737ec58600e9ddcf06d24c"
  integrity sha512-GSmOT2EbHrINBf9SR7CDELwlJ8AENk3Qn7OikK4nFYAu3Ote2+JYNVvkpAEQm3/TLNEJFD/xZJjzyxg3KBWOzw==

picocolors@^1.0.0:
  version "1.0.0"
  resolved "https://registry.yarnpkg.com/picocolors/-/picocolors-1.0.0.tgz#cb5bdc74ff3f51892236eaf79d68bc44564ab81c"
  integrity sha512-1fygroTLlHu66zi26VoTDv8yRgm0Fccecssto+MhsZ0D/DGW2sm8E8AjW7NU5VVTRt5GxbeZ5qBuJr+HyLYkjQ==

postcss@^8.1.10:
  version "8.2.12"
  resolved "https://registry.yarnpkg.com/postcss/-/postcss-8.2.12.tgz#81248a1a87e0f575cc594a99a08207fd1c4addc4"
  integrity sha512-BJnGT5+0q2tzvs6oQfnY2NpEJ7rIXNfBnZtQOKCIsweeWXBXeDd5k31UgTdS3d/c02ouspufn37mTaHWkJyzMQ==
  dependencies:
    colorette "^1.2.2"
    nanoid "^3.1.22"
    source-map "^0.6.1"

postcss@^8.4.5:
  version "8.4.5"
  resolved "https://registry.yarnpkg.com/postcss/-/postcss-8.4.5.tgz#bae665764dfd4c6fcc24dc0fdf7e7aa00cc77f95"
  integrity sha512-jBDboWM8qpaqwkMwItqTQTiFikhs/67OYVvblFFTM7MrZjt6yMKd6r2kgXizEbTTljacm4NldIlZnhbjr84QYg==
  dependencies:
    nanoid "^3.1.30"
    picocolors "^1.0.0"
    source-map-js "^1.0.1"

preact@^10.0.0:
  version "10.5.13"
  resolved "https://registry.yarnpkg.com/preact/-/preact-10.5.13.tgz#85f6c9197ecd736ce8e3bec044d08fd1330fa019"
  integrity sha512-q/vlKIGNwzTLu+jCcvywgGrt+H/1P/oIRSD6mV4ln3hmlC+Aa34C7yfPI4+5bzW8pONyVXYS7SvXosy2dKKtWQ==

prismjs@^1.25.0:
  version "1.25.0"
  resolved "https://registry.yarnpkg.com/prismjs/-/prismjs-1.25.0.tgz#6f822df1bdad965734b310b315a23315cf999756"
  integrity sha512-WCjJHl1KEWbnkQom1+SzftbtXMKQoezOCYs5rECqMN+jP+apI7ftoflyqigqzopSO3hMhTEb0mFClA8lkolgEg==

resolve@^1.20.0:
  version "1.20.0"
  resolved "https://registry.yarnpkg.com/resolve/-/resolve-1.20.0.tgz#629a013fb3f70755d6f0b7935cc1c2c5378b1975"
  integrity sha512-wENBPt4ySzg4ybFQW2TT1zMQucPK95HSh/nq2CFTZVOGut2+pQvSsgtda4d26YrYcr067wjbmzOG8byDPBX63A==
  dependencies:
    is-core-module "^2.2.0"
    path-parse "^1.0.6"

rollup@^2.59.0:
  version "2.62.0"
  resolved "https://registry.yarnpkg.com/rollup/-/rollup-2.62.0.tgz#9e640b419fc5b9e0241844f6d55258bd79986ecc"
  integrity sha512-cJEQq2gwB0GWMD3rYImefQTSjrPYaC6s4J9pYqnstVLJ1CHa/aZNVkD4Epuvg4iLeMA4KRiq7UM7awKK6j7jcw==
  optionalDependencies:
    fsevents "~2.3.2"

source-map-js@^1.0.1:
  version "1.0.1"
  resolved "https://registry.yarnpkg.com/source-map-js/-/source-map-js-1.0.1.tgz#a1741c131e3c77d048252adfa24e23b908670caf"
  integrity sha512-4+TN2b3tqOCd/kaGRJ/sTYA0tR0mdXx26ipdolxcwtJVqEnqNYvlCAt1q3ypy4QMlYus+Zh34RNtYLoq2oQ4IA==

source-map@^0.6.1:
  version "0.6.1"
  resolved "https://registry.yarnpkg.com/source-map/-/source-map-0.6.1.tgz#74722af32e9614e9c287a8d0bbde48b5e2f1a263"
  integrity sha512-UjgapumWlbMhkBgzT7Ykc5YXUT46F0iKu8SGXq0bcwP5dz/h0Plj6enJqjz1Zbq2l5WaqYnrVbwWOWMyF3F47g==

sourcemap-codec@^1.4.4:
  version "1.4.8"
  resolved "https://registry.yarnpkg.com/sourcemap-codec/-/sourcemap-codec-1.4.8.tgz#ea804bd94857402e6992d05a38ef1ae35a9ab4c4"
  integrity sha512-9NykojV5Uih4lgo5So5dtw+f0JgJX30KCNI8gwhz2J9A15wD0Ml6tjHKwf6fTSa6fAdVBdZeNOs9eJ71qCk8vA==

vite@^2.7.0:
  version "2.7.9"
  resolved "https://registry.yarnpkg.com/vite/-/vite-2.7.9.tgz#c72d8817cdddbb127daed0c8f87fbca4e7754a81"
  integrity sha512-CyopIJIRrc26Wnbkch5BCHFhQodzeV4jjSegLAEw1RImvXSuoOo2SfpEW9zRVi188WmjJwCqCaoG25C0r4nekw==
  dependencies:
    esbuild "^0.13.12"
    postcss "^8.4.5"
    resolve "^1.20.0"
    rollup "^2.59.0"
  optionalDependencies:
    fsevents "~2.3.2"

vitepress@^0.20.10:
  version "0.20.10"
  resolved "https://registry.yarnpkg.com/vitepress/-/vitepress-0.20.10.tgz#18266182aee192191db76f63b68203eea3ac148d"
  integrity sha512-dKgH6k1yxdEjIIxoXGI0vMg3lpBLvMarre/vvt4beuxd+rXOUB1a7DAtXDmgIXOMGQ7IcF+4zyd2132IedhjtQ==
  dependencies:
    "@docsearch/css" "^3.0.0-alpha.41"
    "@docsearch/js" "^3.0.0-alpha.41"
    "@vitejs/plugin-vue" "^2.0.0"
    prismjs "^1.25.0"
    vite "^2.7.0"
    vue "^3.2.26"

vue@^3.2.26:
  version "3.2.26"
  resolved "https://registry.yarnpkg.com/vue/-/vue-3.2.26.tgz#5db575583ecae495c7caa5c12fd590dffcbb763e"
  integrity sha512-KD4lULmskL5cCsEkfhERVRIOEDrfEL9CwAsLYpzptOGjaGFNWo3BQ9g8MAb7RaIO71rmVOziZ/uEN/rHwcUIhg==
  dependencies:
    "@vue/compiler-dom" "3.2.26"
    "@vue/compiler-sfc" "3.2.26"
    "@vue/runtime-dom" "3.2.26"
    "@vue/server-renderer" "3.2.26"
    "@vue/shared" "3.2.26"
